
Microsoft Visual Studio Solution File, Format Version 12.00
# Visual Studio Version 16
VisualStudioVersion = 16.0.31402.337
MinimumVisualStudioVersion = 10.0.40219.1
Project("{2150E333-8FDC-42A3-9474-1A3956D46DE8}") = "API", "API", "{6E6FFCD7-EE7F-4CAD-905F-02F952D68A46}"
EndProject
Project("{FAE04EC0-301F-11D3-BF4B-00C04F79EFBC}") = "Investment.Portfolio.Api", "Investment.Portfolio.Api\Investment.Portfolio.Api.csproj", "{261BE3AF-12BB-41BB-A15C-7A0C92F8BBE4}"
EndProject
Project("{2150E333-8FDC-42A3-9474-1A3956D46DE8}") = "Domain", "Domain", "{E61335E1-36EC-4164-842D-D2C3D8BF8585}"
EndProject
Project("{2150E333-8FDC-42A3-9474-1A3956D46DE8}") = "Infra", "Infra", "{462C07A7-F286-421A-B1E8-720D874CD5EF}"
EndProject
Project("{2150E333-8FDC-42A3-9474-1A3956D46DE8}") = "CrossCutting", "CrossCutting", "{46E48DD0-0A08-4644-8940-6F891DE90608}"
EndProject
Project("{2150E333-8FDC-42A3-9474-1A3956D46DE8}") = "Data", "Data", "{3B62681A-9D99-4D3D-9E3C-0FE4185677EB}"
EndProject
Project("{2150E333-8FDC-42A3-9474-1A3956D46DE8}") = "Tests", "Tests", "{B2FB5B5B-CAAF-4F6B-B393-108D5DA1426F}"
EndProject
Project("{FAE04EC0-301F-11D3-BF4B-00C04F79EFBC}") = "Investment.Portfolio.Tests", "Investment.Portfolio.Tests\Investment.Portfolio.Tests.csproj", "{34B49425-EAA7-4E5A-9F76-5363D8315731}"
EndProject
Project("{FAE04EC0-301F-11D3-BF4B-00C04F79EFBC}") = "Investment.Portfolio.Domain", "Investment.Portfolio.Domain\Investment.Portfolio.Domain.csproj", "{0BF91802-F3D6-4E1A-B824-2D38C8E31FEF}"
EndProject
Project("{FAE04EC0-301F-11D3-BF4B-00C04F79EFBC}") = "Investment.Portfolio.Infra.Data", "Investment.Portfolio.Infra.Data\Investment.Portfolio.Infra.Data.csproj", "{04944082-C9AC-4308-922D-DCF59CC361BB}"
EndProject
Project("{FAE04EC0-301F-11D3-BF4B-00C04F79EFBC}") = "Investment.Portfolio.Infra.CrossCutting", "Investment.Portfolio.Infra.CrossCutting\Investment.Portfolio.Infra.CrossCutting.csproj", "{137C1570-F38D-41CE-8537-6611C48BA71D}"
EndProject
Global
	GlobalSection(SolutionConfigurationPlatforms) = preSolution
		Debug|Any CPU = Debug|Any CPU
		Release|Any CPU = Release|Any CPU
	EndGlobalSection
	GlobalSection(ProjectConfigurationPlatforms) = postSolution
		{261BE3AF-12BB-41BB-A15C-7A0C92F8BBE4}.Debug|Any CPU.ActiveCfg = Debug|Any CPU
		{261BE3AF-12BB-41BB-A15C-7A0C92F8BBE4}.Debug|Any CPU.Build.0 = Debug|Any CPU
		{261BE3AF-12BB-41BB-A15C-7A0C92F8BBE4}.Release|Any CPU.ActiveCfg = Release|Any CPU
		{261BE3AF-12BB-41BB-A15C-7A0C92F8BBE4}.Release|Any CPU.Build.0 = Release|Any CPU
		{34B49425-EAA7-4E5A-9F76-5363D8315731}.Debug|Any CPU.ActiveCfg = Debug|Any CPU
		{34B49425-EAA7-4E5A-9F76-5363D8315731}.Debug|Any CPU.Build.0 = Debug|Any CPU
		{34B49425-EAA7-4E5A-9F76-5363D8315731}.Release|Any CPU.ActiveCfg = Release|Any CPU
		{34B49425-EAA7-4E5A-9F76-5363D8315731}.Release|Any CPU.Build.0 = Release|Any CPU
		{0BF91802-F3D6-4E1A-B824-2D38C8E31FEF}.Debug|Any CPU.ActiveCfg = Debug|Any CPU
		{0BF91802-F3D6-4E1A-B824-2D38C8E31FEF}.Debug|Any CPU.Build.0 = Debug|Any CPU
		{0BF91802-F3D6-4E1A-B824-2D38C8E31FEF}.Release|Any CPU.ActiveCfg = Release|Any CPU
		{0BF91802-F3D6-4E1A-B824-2D38C8E31FEF}.Release|Any CPU.Build.0 = Release|Any CPU
		{04944082-C9AC-4308-922D-DCF59CC361BB}.Debug|Any CPU.ActiveCfg = Debug|Any CPU
		{04944082-C9AC-4308-922D-DCF59CC361BB}.Debug|Any CPU.Build.0 = Debug|Any CPU
		{04944082-C9AC-4308-922D-DCF59CC361BB}.Release|Any CPU.ActiveCfg = Release|Any CPU
		{04944082-C9AC-4308-922D-DCF59CC361BB}.Release|Any CPU.Build.0 = Release|Any CPU
		{137C1570-F38D-41CE-8537-6611C48BA71D}.Debug|Any CPU.ActiveCfg = Debug|Any CPU
		{137C1570-F38D-41CE-8537-6611C48BA71D}.Debug|Any CPU.Build.0 = Debug|Any CPU
		{137C1570-F38D-41CE-8537-6611C48BA71D}.Release|Any CPU.ActiveCfg = Release|Any CPU
		{137C1570-F38D-41CE-8537-6611C48BA71D}.Release|Any CPU.Build.0 = Release|Any CPU
	EndGlobalSection
	GlobalSection(SolutionProperties) = preSolution
		HideSolutionNode = FALSE
	EndGlobalSection
	GlobalSection(NestedProjects) = preSolution
		{261BE3AF-12BB-41BB-A15C-7A0C92F8BBE4} = {6E6FFCD7-EE7F-4CAD-905F-02F952D68A46}
		{46E48DD0-0A08-4644-8940-6F891DE90608} = {462C07A7-F286-421A-B1E8-720D874CD5EF}
		{3B62681A-9D99-4D3D-9E3C-0FE4185677EB} = {462C07A7-F286-421A-B1E8-720D874CD5EF}
		{34B49425-EAA7-4E5A-9F76-5363D8315731} = {B2FB5B5B-CAAF-4F6B-B393-108D5DA1426F}
		{0BF91802-F3D6-4E1A-B824-2D38C8E31FEF} = {E61335E1-36EC-4164-842D-D2C3D8BF8585}
		{04944082-C9AC-4308-922D-DCF59CC361BB} = {3B62681A-9D99-4D3D-9E3C-0FE4185677EB}
		{137C1570-F38D-41CE-8537-6611C48BA71D} = {46E48DD0-0A08-4644-8940-6F891DE90608}
	EndGlobalSection
	GlobalSection(ExtensibilityGlobals) = postSolution
		SolutionGuid = {F3A3DB2A-9B37-4F01-894B-D14A4DD7D4D7}
	EndGlobalSection
EndGlobal
